
Microsoft Visual Studio Solution File, Format Version 12.00
# Visual Studio Version 17
VisualStudioVersion = 17.11.35222.181
MinimumVisualStudioVersion = 10.0.40219.1
Project("{FAE04EC0-301F-11D3-BF4B-00C04F79EFBC}") = "DomestiaHA.DomestiaProtocol", "DomestiaHA.DomestiaProtocol\DomestiaHA.DomestiaProtocol.csproj", "{97865118-A079-4F23-8146-4A96720DA930}"
EndProject
Project("{FAE04EC0-301F-11D3-BF4B-00C04F79EFBC}") = "DomestiaHA.MQTTClient", "DomestiaHA.MQTTClient\DomestiaHA.MQTTClient.csproj", "{FDD5963C-D9BD-4229-8886-19E4CBB4205B}"
EndProject
Project("{FAE04EC0-301F-11D3-BF4B-00C04F79EFBC}") = "DomestiaHA.Abstraction", "DomestiaHA.Abstraction\DomestiaHA.Abstraction.csproj", "{814574C8-5C2F-47DB-9E0D-2540F8FF868D}"
EndProject
Global
	GlobalSection(SolutionConfigurationPlatforms) = preSolution
		Debug|Any CPU = Debug|Any CPU
		Release|Any CPU = Release|Any CPU
	EndGlobalSection
	GlobalSection(ProjectConfigurationPlatforms) = postSolution
		{97865118-A079-4F23-8146-4A96720DA930}.Debug|Any CPU.ActiveCfg = Debug|Any CPU
		{97865118-A079-4F23-8146-4A96720DA930}.Debug|Any CPU.Build.0 = Debug|Any CPU
		{97865118-A079-4F23-8146-4A96720DA930}.Release|Any CPU.ActiveCfg = Release|Any CPU
		{97865118-A079-4F23-8146-4A96720DA930}.Release|Any CPU.Build.0 = Release|Any CPU
		{FDD5963C-D9BD-4229-8886-19E4CBB4205B}.Debug|Any CPU.ActiveCfg = Debug|Any CPU
		{FDD5963C-D9BD-4229-8886-19E4CBB4205B}.Debug|Any CPU.Build.0 = Debug|Any CPU
		{FDD5963C-D9BD-4229-8886-19E4CBB4205B}.Release|Any CPU.ActiveCfg = Release|Any CPU
		{FDD5963C-D9BD-4229-8886-19E4CBB4205B}.Release|Any CPU.Build.0 = Release|Any CPU
		{814574C8-5C2F-47DB-9E0D-2540F8FF868D}.Debug|Any CPU.ActiveCfg = Debug|Any CPU
		{814574C8-5C2F-47DB-9E0D-2540F8FF868D}.Debug|Any CPU.Build.0 = Debug|Any CPU
		{814574C8-5C2F-47DB-9E0D-2540F8FF868D}.Release|Any CPU.ActiveCfg = Release|Any CPU
		{814574C8-5C2F-47DB-9E0D-2540F8FF868D}.Release|Any CPU.Build.0 = Release|Any CPU
	EndGlobalSection
	GlobalSection(SolutionProperties) = preSolution
		HideSolutionNode = FALSE
	EndGlobalSection
	GlobalSection(ExtensibilityGlobals) = postSolution
		SolutionGuid = {9C923B56-6172-4E4C-9985-0A8D90E57790}
	EndGlobalSection
EndGlobal
